# THIS IS AN AUTOGENERATED FILE. DO NOT EDIT THIS FILE DIRECTLY.
# yarn lockfile v1


"@vuepress/plugin-google-analytics@^1.4.1":
  version "1.4.1"
  resolved "https://registry.yarnpkg.com/@vuepress/plugin-google-analytics/-/plugin-google-analytics-1.4.1.tgz#d537e7ed026e7808d1d9d186880e595b04fe0868"
  integrity sha512-s43V5QHdTz0ayfy5vZrfMPpZzJBsj9L79TaxyMux1jOviS7oeWqkvNSblaHwP4Y8BxISehsKte8qsblQEN3zvQ==

"@vuepress/plugin-medium-zoom@^1.4.1":
  version "1.4.1"
  resolved "https://registry.yarnpkg.com/@vuepress/plugin-medium-zoom/-/plugin-medium-zoom-1.4.1.tgz#5665561be3382246ae883c0ad77d91c7913e01da"
  integrity sha512-dMo8eDbmM1Y+zRRECjmCcqtuTirkpYn7FbByURRSauh2hFqjHSN/uOKOHEj71TTzs1vwrLCynHvKo6tFEuUMNA==
  dependencies:
    medium-zoom "^1.0.4"

"@vuepress/plugin-search@^1.4.1":
  version "1.4.1"
  resolved "https://registry.yarnpkg.com/@vuepress/plugin-search/-/plugin-search-1.4.1.tgz#5842f7ef0214c8f9f3cafa6ca2f4648f8dbc03d2"
  integrity sha512-J4JyXD6M1oOU013s4ZLKMkKEGd7qEtSIsAw2nZY2mckZ7ETX49R5Pv2S5uCqLRQfUQSIGR5TEABL22q0B8uCVA==

medium-zoom@^1.0.4:
  version "1.0.5"
  resolved "https://registry.yarnpkg.com/medium-zoom/-/medium-zoom-1.0.5.tgz#81413dda20ccdd857141ff420cfab788dd32e20e"
  integrity sha512-aLGa6WlTuFKWvH88bqTrY5ztJMN+D0hd8UX6BYc4YSoPayppzETjZUcdVcksgaoQEMg4cZSmXPg846fTp2rjRQ==
